{
  "name": "jervis-ubereats-login",
  "version": "0.1.0",
  "lockfileVersion": 3,
  "requires": true,
  "packages": {
    "": {
      "name": "jervis-ubereats-login",
      "version": "0.1.0",
      "dependencies": {
        "patchright": "1.62.3"
      }
    },
    "node_modules/fsevents": {
      "version": "2.3.2",
      "resolved": "https://registry.npmjs.org/fsevents/-/fsevents-2.3.2.tgz",
      "integrity": "sha512-xiqMQR4xAeHTuB9uWm+fFRcIOgKBMiOBP+eXiyT7jsgVCq1bkVygt00oASowB7EdtpOHaaPgKt812P9ab+DDKA==",
      "hasInstallScript": true,
      "license": "MIT",
      "optional": true,
      "os": [
        "darwin"
      ],
      "engines": {
        "node": "^8.16.0 || ^10.6.0 || >=11.0.0"
      }
    },
    "node_modules/patchright": {
      "version": "1.62.3",
      "resolved": "https://registry.npmjs.org/patchright/-/patchright-1.62.3.tgz",
      "integrity": "sha512-TMpWzcZVWUmOe1251PHWpk0gTP2d7+mvS00h1CLL2IQAUKX7UexKfPqEjdKkH8F2TT5AlyrSbwZKr5lu1dThAQ==",
      "license": "Apache-2.0",
      "dependencies": {
        "patchright-core": "1.62.3"
      },
      "bin": {
        "patchright": "cli.js"
      },
      "engines": {
        "node": ">=20"
      },
      "optionalDependencies": {
        "fsevents": "2.3.2"
      }
    },
    "node_modules/patchright-core": {
      "version": "1.62.3",
      "resolved": "https://registry.npmjs.org/patchright-core/-/patchright-core-1.62.3.tgz",
      "integrity": "sha512-RQf0M2THMf4TL9HNNUxdYbd4Oe3DOVPni6G/bJYsEpD9F1cgqEpWiTJIh+pfuK9JwGRo4Du6lzagJosMUXbh/Q==",
      "license": "Apache-2.0",
      "bin": {
        "patchright-core": "cli.js"
      },
      "engines": {
        "node": ">=20"
      }
    }
  }
}
